{
  "name": "@mlabs-haskell/cardano-message-signing",
  "version": "1.0.1",
  "lockfileVersion": 3,
  "requires": true,
  "packages": {
    "": {
      "name": "@mlabs-haskell/cardano-message-signing",
      "version": "1.0.1",
      "license": "ISC",
      "dependencies": {
        "@emurgo/cardano-message-signing-browser": "^1.0.1",
        "@emurgo/cardano-message-signing-nodejs": "^1.0.1"
      }
    },
    "node_modules/@emurgo/cardano-message-signing-browser": {
      "version": "1.0.1",
      "resolved": "https://registry.npmjs.org/@emurgo/cardano-message-signing-browser/-/cardano-message-signing-browser-1.0.1.tgz",
      "integrity": "sha512-yC4Ymq44WR0bXO1wzxCoyc2W/RD1KSAla0oYhin7IYoVkp2raGp8wt7QNF4pDdNnTcejn5fyPyYY9dL4666H1w=="
    },
    "node_modules/@emurgo/cardano-message-signing-nodejs": {
      "version": "1.0.1",
      "resolved": "https://registry.npmjs.org/@emurgo/cardano-message-signing-nodejs/-/cardano-message-signing-nodejs-1.0.1.tgz",
      "integrity": "sha512-PoKh1tQnJX18f8iEr8Jk1KXxKCn9eqaSslMI1pyOJvYRJhQVDLCh0+9YReufjp0oFJIY1ShcrR+4/WnECVZUKQ=="
    }
  }
}
